
Microsoft Visual Studio Solution File, Format Version 12.00
# Visual Studio Version 16
VisualStudioVersion = 16.0.31911.196
MinimumVisualStudioVersion = 10.0.40219.1
Project("{FAE04EC0-301F-11D3-BF4B-00C04F79EFBC}") = "MaximoNumFor", "MaximoNumFor\MaximoNumFor.csproj", "{1037A9A6-0B56-4218-ADF3-692A7D5FDCF2}"
EndProject
Global
	GlobalSection(SolutionConfigurationPlatforms) = preSolution
		Debug|Any CPU = Debug|Any CPU
		Release|Any CPU = Release|Any CPU
	EndGlobalSection
	GlobalSection(ProjectConfigurationPlatforms) = postSolution
		{1037A9A6-0B56-4218-ADF3-692A7D5FDCF2}.Debug|Any CPU.ActiveCfg = Debug|Any CPU
		{1037A9A6-0B56-4218-ADF3-692A7D5FDCF2}.Debug|Any CPU.Build.0 = Debug|Any CPU
		{1037A9A6-0B56-4218-ADF3-692A7D5FDCF2}.Release|Any CPU.ActiveCfg = Release|Any CPU
		{1037A9A6-0B56-4218-ADF3-692A7D5FDCF2}.Release|Any CPU.Build.0 = Release|Any CPU
	EndGlobalSection
	GlobalSection(SolutionProperties) = preSolution
		HideSolutionNode = FALSE
	EndGlobalSection
	GlobalSection(ExtensibilityGlobals) = postSolution
		SolutionGuid = {2A8A4504-7D83-41A0-9614-D243EAD4122A}
	EndGlobalSection
EndGlobal
